
Microsoft Visual Studio Solution File, Format Version 12.00
# Visual Studio Version 17
VisualStudioVersion = 17.14.36203.30
MinimumVisualStudioVersion = 10.0.40219.1
Project("{2150E333-8FDC-42A3-9474-1A3956D46DE8}") = "BoardService", "BoardService", "{02EA681E-C7D8-13C7-8484-4AC65E1B71E8}"
EndProject
Project("{2150E333-8FDC-42A3-9474-1A3956D46DE8}") = "NodeService", "NodeService", "{449C795E-81AD-4367-9069-F3FF16B10FF3}"
EndProject
Project("{2150E333-8FDC-42A3-9474-1A3956D46DE8}") = "LinkService", "LinkService", "{51F30CA5-BCBF-494F-A8CC-9DE0558D9DC1}"
EndProject
Project("{2150E333-8FDC-42A3-9474-1A3956D46DE8}") = "UserService", "UserService", "{2CEB41FF-C64C-4AAD-8587-2EDEBA916AA9}"
EndProject
Project("{2150E333-8FDC-42A3-9474-1A3956D46DE8}") = "Frontend", "Frontend", "{F0B87160-8542-4043-A7E9-B985122EC26D}"
EndProject
Project("{FAE04EC0-301F-11D3-BF4B-00C04F79EFBC}") = "Board.API", "BoardService\Board.API\Board.API.csproj", "{7229B801-9A8A-4B05-B7D8-E11415C09060}"
EndProject
Project("{FAE04EC0-301F-11D3-BF4B-00C04F79EFBC}") = "Board.Application", "BoardService\Board.Application\Board.Application.csproj", "{CDC7743B-20CD-47AA-9C11-82F23ECA09A6}"
EndProject
Project("{FAE04EC0-301F-11D3-BF4B-00C04F79EFBC}") = "Board.Domain", "BoardService\Board.Domain\Board.Domain.csproj", "{2662DD1B-D063-4088-9FCF-706B6C2EFF42}"
EndProject
Project("{FAE04EC0-301F-11D3-BF4B-00C04F79EFBC}") = "Ordine", "Frontend\Ordine\Ordine\Ordine.csproj", "{BCC50487-F5AF-4F03-94C4-F61EB8688535}"
EndProject
Project("{FAE04EC0-301F-11D3-BF4B-00C04F79EFBC}") = "Ordine.Client", "Frontend\Ordine\Ordine.Client\Ordine.Client.csproj", "{1DA5E731-5FAB-4EAB-B627-56900A29FAED}"
EndProject
Project("{FAE04EC0-301F-11D3-BF4B-00C04F79EFBC}") = "Board.Persistence", "BoardService\Board.Persistence\Board.Persistence.csproj", "{03EDFB83-F951-409E-BBE1-4A9488E48B84}"
EndProject
Project("{FAE04EC0-301F-11D3-BF4B-00C04F79EFBC}") = "Board.Tests", "BoardService\Board.Tests\Board.Tests.csproj", "{26776641-D5E5-437C-8C84-FD440ACEB430}"
EndProject
Project("{FAE04EC0-301F-11D3-BF4B-00C04F79EFBC}") = "Link.API", "LinkService\Link.API\Link.API.csproj", "{8D84FE9D-8F4D-4BF0-9589-1307D7BF3674}"
EndProject
Project("{FAE04EC0-301F-11D3-BF4B-00C04F79EFBC}") = "Link.Application", "LinkService\Link.Application\Link.Application.csproj", "{8FCFD52F-0C9C-4D8B-BA42-0E86A095CCA1}"
EndProject
Project("{FAE04EC0-301F-11D3-BF4B-00C04F79EFBC}") = "Board.Infrastructure", "BoardService\Board.Infrastructure\Board.Infrastructure.csproj", "{54B594D3-E5E4-4020-A546-7863EBD2F5CC}"
EndProject
Project("{FAE04EC0-301F-11D3-BF4B-00C04F79EFBC}") = "Link.Infrastructure", "LinkService\Link.Infrastructure\Link.Infrastructure.csproj", "{209705D9-3522-40E1-83B5-4E4C39B6C94D}"
EndProject
Project("{FAE04EC0-301F-11D3-BF4B-00C04F79EFBC}") = "Node.Infrastructure", "NodeService\Node.Infrastructure\Node.Infrastructure.csproj", "{081ED6C6-E233-4B7B-85C1-A012AC230232}"
EndProject
Project("{FAE04EC0-301F-11D3-BF4B-00C04F79EFBC}") = "User.Infrastructure", "UserService\User.Infrastructure\User.Infrastructure.csproj", "{F82B1E6E-5D83-4C14-9368-0B660FABCAB0}"
EndProject
Project("{FAE04EC0-301F-11D3-BF4B-00C04F79EFBC}") = "Link.Domain", "LinkService\Link.Domain\Link.Domain.csproj", "{76691887-C06D-4394-8887-CB280D0CD4D5}"
EndProject
Project("{FAE04EC0-301F-11D3-BF4B-00C04F79EFBC}") = "Link.Persistence", "LinkService\Link.Persistence\Link.Persistence.csproj", "{B3BFCF41-C20C-4A8E-BACA-5A25C6061BD5}"
EndProject
Project("{FAE04EC0-301F-11D3-BF4B-00C04F79EFBC}") = "Link.Test", "LinkService\Link.Test\Link.Test.csproj", "{EAF3BA6D-F6E0-4ED3-8051-2DF4C368EAE7}"
EndProject
Project("{FAE04EC0-301F-11D3-BF4B-00C04F79EFBC}") = "Node.API", "NodeService\Node.API\Node.API.csproj", "{C22DA80C-D6EF-4FFD-8FBA-6C0E7305A493}"
EndProject
Project("{FAE04EC0-301F-11D3-BF4B-00C04F79EFBC}") = "Node.Domain", "NodeService\Node.Domain\Node.Domain.csproj", "{8011DE3D-6D8E-4D9C-8682-09CC958DC46D}"
EndProject
Project("{FAE04EC0-301F-11D3-BF4B-00C04F79EFBC}") = "Node.Persistence", "NodeService\Node.Persistence\Node.Persistence.csproj", "{D91B6A86-DF8A-4D89-9A2B-5F1A8519CE07}"
EndProject
Project("{FAE04EC0-301F-11D3-BF4B-00C04F79EFBC}") = "Node.Application", "NodeService\Node.Application\Node.Application.csproj", "{AC4A8174-8ED5-4986-BA76-F8D855E7A2E1}"
EndProject
Project("{FAE04EC0-301F-11D3-BF4B-00C04F79EFBC}") = "Node.Test", "NodeService\Node.Test\Node.Test.csproj", "{9ACDA9A3-FA33-4E1E-8134-BC1C5EE5E7BE}"
EndProject
Project("{FAE04EC0-301F-11D3-BF4B-00C04F79EFBC}") = "User.API", "UserService\User.API\User.API.csproj", "{A02BB5C9-F79F-4552-A6DE-96BAA2A27132}"
EndProject
Project("{FAE04EC0-301F-11D3-BF4B-00C04F79EFBC}") = "User.Applicatiom", "UserService\User.Applicatiom\User.Applicatiom.csproj", "{B1BB2930-0E49-453F-9A78-A19E9A858DD6}"
EndProject
Project("{FAE04EC0-301F-11D3-BF4B-00C04F79EFBC}") = "User.Test", "UserService\User.Test\User.Test.csproj", "{C7B6ECC7-72DA-4FEB-9FB6-03162763CED5}"
EndProject
Project("{FAE04EC0-301F-11D3-BF4B-00C04F79EFBC}") = "User.Domain", "UserService\User.Domain\User.Domain.csproj", "{67DE0676-2377-4007-A175-5EC0C4C12ADA}"
EndProject
Project("{FAE04EC0-301F-11D3-BF4B-00C04F79EFBC}") = "User.Persistence", "UserService\User.Persistence\User.Persistence.csproj", "{FC6A965C-B770-4320-871B-313A47656B28}"
EndProject
Project("{2150E333-8FDC-42A3-9474-1A3956D46DE8}") = "Shared", "Shared", "{9B2A2420-D45B-416D-82AD-5F961426B37E}"
EndProject
Project("{FAE04EC0-301F-11D3-BF4B-00C04F79EFBC}") = "SharedKernel.Messaging", "Shared\SharedKernel.Messaging\SharedKernel.Messaging.csproj", "{0657E5BF-2CD8-4ACC-8910-6BB9AADCD11D}"
EndProject
Global
	GlobalSection(SolutionConfigurationPlatforms) = preSolution
		Debug|Any CPU = Debug|Any CPU
		Release|Any CPU = Release|Any CPU
	EndGlobalSection
	GlobalSection(ProjectConfigurationPlatforms) = postSolution
		{7229B801-9A8A-4B05-B7D8-E11415C09060}.Debug|Any CPU.ActiveCfg = Debug|Any CPU
		{7229B801-9A8A-4B05-B7D8-E11415C09060}.Debug|Any CPU.Build.0 = Debug|Any CPU
		{7229B801-9A8A-4B05-B7D8-E11415C09060}.Release|Any CPU.ActiveCfg = Release|Any CPU
		{7229B801-9A8A-4B05-B7D8-E11415C09060}.Release|Any CPU.Build.0 = Release|Any CPU
		{CDC7743B-20CD-47AA-9C11-82F23ECA09A6}.Debug|Any CPU.ActiveCfg = Debug|Any CPU
		{CDC7743B-20CD-47AA-9C11-82F23ECA09A6}.Debug|Any CPU.Build.0 = Debug|Any CPU
		{CDC7743B-20CD-47AA-9C11-82F23ECA09A6}.Release|Any CPU.ActiveCfg = Release|Any CPU
		{CDC7743B-20CD-47AA-9C11-82F23ECA09A6}.Release|Any CPU.Build.0 = Release|Any CPU
		{2662DD1B-D063-4088-9FCF-706B6C2EFF42}.Debug|Any CPU.ActiveCfg = Debug|Any CPU
		{2662DD1B-D063-4088-9FCF-706B6C2EFF42}.Debug|Any CPU.Build.0 = Debug|Any CPU
		{2662DD1B-D063-4088-9FCF-706B6C2EFF42}.Release|Any CPU.ActiveCfg = Release|Any CPU
		{2662DD1B-D063-4088-9FCF-706B6C2EFF42}.Release|Any CPU.Build.0 = Release|Any CPU
		{BCC50487-F5AF-4F03-94C4-F61EB8688535}.Debug|Any CPU.ActiveCfg = Debug|Any CPU
		{BCC50487-F5AF-4F03-94C4-F61EB8688535}.Debug|Any CPU.Build.0 = Debug|Any CPU
		{BCC50487-F5AF-4F03-94C4-F61EB8688535}.Release|Any CPU.ActiveCfg = Release|Any CPU
		{BCC50487-F5AF-4F03-94C4-F61EB8688535}.Release|Any CPU.Build.0 = Release|Any CPU
		{1DA5E731-5FAB-4EAB-B627-56900A29FAED}.Debug|Any CPU.ActiveCfg = Debug|Any CPU
		{1DA5E731-5FAB-4EAB-B627-56900A29FAED}.Debug|Any CPU.Build.0 = Debug|Any CPU
		{1DA5E731-5FAB-4EAB-B627-56900A29FAED}.Release|Any CPU.ActiveCfg = Release|Any CPU
		{1DA5E731-5FAB-4EAB-B627-56900A29FAED}.Release|Any CPU.Build.0 = Release|Any CPU
		{03EDFB83-F951-409E-BBE1-4A9488E48B84}.Debug|Any CPU.ActiveCfg = Debug|Any CPU
		{03EDFB83-F951-409E-BBE1-4A9488E48B84}.Debug|Any CPU.Build.0 = Debug|Any CPU
		{03EDFB83-F951-409E-BBE1-4A9488E48B84}.Release|Any CPU.ActiveCfg = Release|Any CPU
		{03EDFB83-F951-409E-BBE1-4A9488E48B84}.Release|Any CPU.Build.0 = Release|Any CPU
		{26776641-D5E5-437C-8C84-FD440ACEB430}.Debug|Any CPU.ActiveCfg = Debug|Any CPU
		{26776641-D5E5-437C-8C84-FD440ACEB430}.Debug|Any CPU.Build.0 = Debug|Any CPU
		{26776641-D5E5-437C-8C84-FD440ACEB430}.Release|Any CPU.ActiveCfg = Release|Any CPU
		{26776641-D5E5-437C-8C84-FD440ACEB430}.Release|Any CPU.Build.0 = Release|Any CPU
		{8D84FE9D-8F4D-4BF0-9589-1307D7BF3674}.Debug|Any CPU.ActiveCfg = Debug|Any CPU
		{8D84FE9D-8F4D-4BF0-9589-1307D7BF3674}.Debug|Any CPU.Build.0 = Debug|Any CPU
		{8D84FE9D-8F4D-4BF0-9589-1307D7BF3674}.Release|Any CPU.ActiveCfg = Release|Any CPU
		{8D84FE9D-8F4D-4BF0-9589-1307D7BF3674}.Release|Any CPU.Build.0 = Release|Any CPU
		{8FCFD52F-0C9C-4D8B-BA42-0E86A095CCA1}.Debug|Any CPU.ActiveCfg = Debug|Any CPU
		{8FCFD52F-0C9C-4D8B-BA42-0E86A095CCA1}.Debug|Any CPU.Build.0 = Debug|Any CPU
		{8FCFD52F-0C9C-4D8B-BA42-0E86A095CCA1}.Release|Any CPU.ActiveCfg = Release|Any CPU
		{8FCFD52F-0C9C-4D8B-BA42-0E86A095CCA1}.Release|Any CPU.Build.0 = Release|Any CPU
		{54B594D3-E5E4-4020-A546-7863EBD2F5CC}.Debug|Any CPU.ActiveCfg = Debug|Any CPU
		{54B594D3-E5E4-4020-A546-7863EBD2F5CC}.Debug|Any CPU.Build.0 = Debug|Any CPU
		{54B594D3-E5E4-4020-A546-7863EBD2F5CC}.Release|Any CPU.ActiveCfg = Release|Any CPU
		{54B594D3-E5E4-4020-A546-7863EBD2F5CC}.Release|Any CPU.Build.0 = Release|Any CPU
		{209705D9-3522-40E1-83B5-4E4C39B6C94D}.Debug|Any CPU.ActiveCfg = Debug|Any CPU
		{209705D9-3522-40E1-83B5-4E4C39B6C94D}.Debug|Any CPU.Build.0 = Debug|Any CPU
		{209705D9-3522-40E1-83B5-4E4C39B6C94D}.Release|Any CPU.ActiveCfg = Release|Any CPU
		{209705D9-3522-40E1-83B5-4E4C39B6C94D}.Release|Any CPU.Build.0 = Release|Any CPU
		{081ED6C6-E233-4B7B-85C1-A012AC230232}.Debug|Any CPU.ActiveCfg = Debug|Any CPU
		{081ED6C6-E233-4B7B-85C1-A012AC230232}.Debug|Any CPU.Build.0 = Debug|Any CPU
		{081ED6C6-E233-4B7B-85C1-A012AC230232}.Release|Any CPU.ActiveCfg = Release|Any CPU
		{081ED6C6-E233-4B7B-85C1-A012AC230232}.Release|Any CPU.Build.0 = Release|Any CPU
		{F82B1E6E-5D83-4C14-9368-0B660FABCAB0}.Debug|Any CPU.ActiveCfg = Debug|Any CPU
		{F82B1E6E-5D83-4C14-9368-0B660FABCAB0}.Debug|Any CPU.Build.0 = Debug|Any CPU
		{F82B1E6E-5D83-4C14-9368-0B660FABCAB0}.Release|Any CPU.ActiveCfg = Release|Any CPU
		{F82B1E6E-5D83-4C14-9368-0B660FABCAB0}.Release|Any CPU.Build.0 = Release|Any CPU
		{76691887-C06D-4394-8887-CB280D0CD4D5}.Debug|Any CPU.ActiveCfg = Debug|Any CPU
		{76691887-C06D-4394-8887-CB280D0CD4D5}.Debug|Any CPU.Build.0 = Debug|Any CPU
		{76691887-C06D-4394-8887-CB280D0CD4D5}.Release|Any CPU.ActiveCfg = Release|Any CPU
		{76691887-C06D-4394-8887-CB280D0CD4D5}.Release|Any CPU.Build.0 = Release|Any CPU
		{B3BFCF41-C20C-4A8E-BACA-5A25C6061BD5}.Debug|Any CPU.ActiveCfg = Debug|Any CPU
		{B3BFCF41-C20C-4A8E-BACA-5A25C6061BD5}.Debug|Any CPU.Build.0 = Debug|Any CPU
		{B3BFCF41-C20C-4A8E-BACA-5A25C6061BD5}.Release|Any CPU.ActiveCfg = Release|Any CPU
		{B3BFCF41-C20C-4A8E-BACA-5A25C6061BD5}.Release|Any CPU.Build.0 = Release|Any CPU
		{EAF3BA6D-F6E0-4ED3-8051-2DF4C368EAE7}.Debug|Any CPU.ActiveCfg = Debug|Any CPU
		{EAF3BA6D-F6E0-4ED3-8051-2DF4C368EAE7}.Debug|Any CPU.Build.0 = Debug|Any CPU
		{EAF3BA6D-F6E0-4ED3-8051-2DF4C368EAE7}.Release|Any CPU.ActiveCfg = Release|Any CPU
		{EAF3BA6D-F6E0-4ED3-8051-2DF4C368EAE7}.Release|Any CPU.Build.0 = Release|Any CPU
		{C22DA80C-D6EF-4FFD-8FBA-6C0E7305A493}.Debug|Any CPU.ActiveCfg = Debug|Any CPU
		{C22DA80C-D6EF-4FFD-8FBA-6C0E7305A493}.Debug|Any CPU.Build.0 = Debug|Any CPU
		{C22DA80C-D6EF-4FFD-8FBA-6C0E7305A493}.Release|Any CPU.ActiveCfg = Release|Any CPU
		{C22DA80C-D6EF-4FFD-8FBA-6C0E7305A493}.Release|Any CPU.Build.0 = Release|Any CPU
		{8011DE3D-6D8E-4D9C-8682-09CC958DC46D}.Debug|Any CPU.ActiveCfg = Debug|Any CPU
		{8011DE3D-6D8E-4D9C-8682-09CC958DC46D}.Debug|Any CPU.Build.0 = Debug|Any CPU
		{8011DE3D-6D8E-4D9C-8682-09CC958DC46D}.Release|Any CPU.ActiveCfg = Release|Any CPU
		{8011DE3D-6D8E-4D9C-8682-09CC958DC46D}.Release|Any CPU.Build.0 = Release|Any CPU
		{D91B6A86-DF8A-4D89-9A2B-5F1A8519CE07}.Debug|Any CPU.ActiveCfg = Debug|Any CPU
		{D91B6A86-DF8A-4D89-9A2B-5F1A8519CE07}.Debug|Any CPU.Build.0 = Debug|Any CPU
		{D91B6A86-DF8A-4D89-9A2B-5F1A8519CE07}.Release|Any CPU.ActiveCfg = Release|Any CPU
		{D91B6A86-DF8A-4D89-9A2B-5F1A8519CE07}.Release|Any CPU.Build.0 = Release|Any CPU
		{AC4A8174-8ED5-4986-BA76-F8D855E7A2E1}.Debug|Any CPU.ActiveCfg = Debug|Any CPU
		{AC4A8174-8ED5-4986-BA76-F8D855E7A2E1}.Debug|Any CPU.Build.0 = Debug|Any CPU
		{AC4A8174-8ED5-4986-BA76-F8D855E7A2E1}.Release|Any CPU.ActiveCfg = Release|Any CPU
		{AC4A8174-8ED5-4986-BA76-F8D855E7A2E1}.Release|Any CPU.Build.0 = Release|Any CPU
		{9ACDA9A3-FA33-4E1E-8134-BC1C5EE5E7BE}.Debug|Any CPU.ActiveCfg = Debug|Any CPU
		{9ACDA9A3-FA33-4E1E-8134-BC1C5EE5E7BE}.Debug|Any CPU.Build.0 = Debug|Any CPU
		{9ACDA9A3-FA33-4E1E-8134-BC1C5EE5E7BE}.Release|Any CPU.ActiveCfg = Release|Any CPU
		{9ACDA9A3-FA33-4E1E-8134-BC1C5EE5E7BE}.Release|Any CPU.Build.0 = Release|Any CPU
		{A02BB5C9-F79F-4552-A6DE-96BAA2A27132}.Debug|Any CPU.ActiveCfg = Debug|Any CPU
		{A02BB5C9-F79F-4552-A6DE-96BAA2A27132}.Debug|Any CPU.Build.0 = Debug|Any CPU
		{A02BB5C9-F79F-4552-A6DE-96BAA2A27132}.Release|Any CPU.ActiveCfg = Release|Any CPU
		{A02BB5C9-F79F-4552-A6DE-96BAA2A27132}.Release|Any CPU.Build.0 = Release|Any CPU
		{B1BB2930-0E49-453F-9A78-A19E9A858DD6}.Debug|Any CPU.ActiveCfg = Debug|Any CPU
		{B1BB2930-0E49-453F-9A78-A19E9A858DD6}.Debug|Any CPU.Build.0 = Debug|Any CPU
		{B1BB2930-0E49-453F-9A78-A19E9A858DD6}.Release|Any CPU.ActiveCfg = Release|Any CPU
		{B1BB2930-0E49-453F-9A78-A19E9A858DD6}.Release|Any CPU.Build.0 = Release|Any CPU
		{C7B6ECC7-72DA-4FEB-9FB6-03162763CED5}.Debug|Any CPU.ActiveCfg = Debug|Any CPU
		{C7B6ECC7-72DA-4FEB-9FB6-03162763CED5}.Debug|Any CPU.Build.0 = Debug|Any CPU
		{C7B6ECC7-72DA-4FEB-9FB6-03162763CED5}.Release|Any CPU.ActiveCfg = Release|Any CPU
		{C7B6ECC7-72DA-4FEB-9FB6-03162763CED5}.Release|Any CPU.Build.0 = Release|Any CPU
		{67DE0676-2377-4007-A175-5EC0C4C12ADA}.Debug|Any CPU.ActiveCfg = Debug|Any CPU
		{67DE0676-2377-4007-A175-5EC0C4C12ADA}.Debug|Any CPU.Build.0 = Debug|Any CPU
		{67DE0676-2377-4007-A175-5EC0C4C12ADA}.Release|Any CPU.ActiveCfg = Release|Any CPU
		{67DE0676-2377-4007-A175-5EC0C4C12ADA}.Release|Any CPU.Build.0 = Release|Any CPU
		{FC6A965C-B770-4320-871B-313A47656B28}.Debug|Any CPU.ActiveCfg = Debug|Any CPU
		{FC6A965C-B770-4320-871B-313A47656B28}.Debug|Any CPU.Build.0 = Debug|Any CPU
		{FC6A965C-B770-4320-871B-313A47656B28}.Release|Any CPU.ActiveCfg = Release|Any CPU
		{FC6A965C-B770-4320-871B-313A47656B28}.Release|Any CPU.Build.0 = Release|Any CPU
		{0657E5BF-2CD8-4ACC-8910-6BB9AADCD11D}.Debug|Any CPU.ActiveCfg = Debug|Any CPU
		{0657E5BF-2CD8-4ACC-8910-6BB9AADCD11D}.Debug|Any CPU.Build.0 = Debug|Any CPU
		{0657E5BF-2CD8-4ACC-8910-6BB9AADCD11D}.Release|Any CPU.ActiveCfg = Release|Any CPU
		{0657E5BF-2CD8-4ACC-8910-6BB9AADCD11D}.Release|Any CPU.Build.0 = Release|Any CPU
	EndGlobalSection
	GlobalSection(SolutionProperties) = preSolution
		HideSolutionNode = FALSE
	EndGlobalSection
	GlobalSection(NestedProjects) = preSolution
		{7229B801-9A8A-4B05-B7D8-E11415C09060} = {02EA681E-C7D8-13C7-8484-4AC65E1B71E8}
		{CDC7743B-20CD-47AA-9C11-82F23ECA09A6} = {02EA681E-C7D8-13C7-8484-4AC65E1B71E8}
		{2662DD1B-D063-4088-9FCF-706B6C2EFF42} = {02EA681E-C7D8-13C7-8484-4AC65E1B71E8}
		{BCC50487-F5AF-4F03-94C4-F61EB8688535} = {F0B87160-8542-4043-A7E9-B985122EC26D}
		{1DA5E731-5FAB-4EAB-B627-56900A29FAED} = {F0B87160-8542-4043-A7E9-B985122EC26D}
		{03EDFB83-F951-409E-BBE1-4A9488E48B84} = {02EA681E-C7D8-13C7-8484-4AC65E1B71E8}
		{26776641-D5E5-437C-8C84-FD440ACEB430} = {02EA681E-C7D8-13C7-8484-4AC65E1B71E8}
		{8D84FE9D-8F4D-4BF0-9589-1307D7BF3674} = {51F30CA5-BCBF-494F-A8CC-9DE0558D9DC1}
		{8FCFD52F-0C9C-4D8B-BA42-0E86A095CCA1} = {51F30CA5-BCBF-494F-A8CC-9DE0558D9DC1}
		{54B594D3-E5E4-4020-A546-7863EBD2F5CC} = {02EA681E-C7D8-13C7-8484-4AC65E1B71E8}
		{209705D9-3522-40E1-83B5-4E4C39B6C94D} = {51F30CA5-BCBF-494F-A8CC-9DE0558D9DC1}
		{081ED6C6-E233-4B7B-85C1-A012AC230232} = {449C795E-81AD-4367-9069-F3FF16B10FF3}
		{F82B1E6E-5D83-4C14-9368-0B660FABCAB0} = {2CEB41FF-C64C-4AAD-8587-2EDEBA916AA9}
		{76691887-C06D-4394-8887-CB280D0CD4D5} = {51F30CA5-BCBF-494F-A8CC-9DE0558D9DC1}
		{B3BFCF41-C20C-4A8E-BACA-5A25C6061BD5} = {51F30CA5-BCBF-494F-A8CC-9DE0558D9DC1}
		{EAF3BA6D-F6E0-4ED3-8051-2DF4C368EAE7} = {51F30CA5-BCBF-494F-A8CC-9DE0558D9DC1}
		{C22DA80C-D6EF-4FFD-8FBA-6C0E7305A493} = {449C795E-81AD-4367-9069-F3FF16B10FF3}
		{8011DE3D-6D8E-4D9C-8682-09CC958DC46D} = {449C795E-81AD-4367-9069-F3FF16B10FF3}
		{D91B6A86-DF8A-4D89-9A2B-5F1A8519CE07} = {449C795E-81AD-4367-9069-F3FF16B10FF3}
		{AC4A8174-8ED5-4986-BA76-F8D855E7A2E1} = {449C795E-81AD-4367-9069-F3FF16B10FF3}
		{9ACDA9A3-FA33-4E1E-8134-BC1C5EE5E7BE} = {449C795E-81AD-4367-9069-F3FF16B10FF3}
		{A02BB5C9-F79F-4552-A6DE-96BAA2A27132} = {2CEB41FF-C64C-4AAD-8587-2EDEBA916AA9}
		{B1BB2930-0E49-453F-9A78-A19E9A858DD6} = {2CEB41FF-C64C-4AAD-8587-2EDEBA916AA9}
		{C7B6ECC7-72DA-4FEB-9FB6-03162763CED5} = {2CEB41FF-C64C-4AAD-8587-2EDEBA916AA9}
		{67DE0676-2377-4007-A175-5EC0C4C12ADA} = {2CEB41FF-C64C-4AAD-8587-2EDEBA916AA9}
		{FC6A965C-B770-4320-871B-313A47656B28} = {2CEB41FF-C64C-4AAD-8587-2EDEBA916AA9}
		{0657E5BF-2CD8-4ACC-8910-6BB9AADCD11D} = {9B2A2420-D45B-416D-82AD-5F961426B37E}
	EndGlobalSection
	GlobalSection(ExtensibilityGlobals) = postSolution
		SolutionGuid = {BE0870BF-E15D-40DD-AC6B-D22C17103FDA}
	EndGlobalSection
EndGlobal
